
Microsoft Visual Studio Solution File, Format Version 12.00
# Visual Studio Version 17
VisualStudioVersion = 17.4.33122.133
MinimumVisualStudioVersion = 10.0.40219.1
Project("{FAE04EC0-301F-11D3-BF4B-00C04F79EFBC}") = "Atividade_20_12_2022", "Atividade_20_12_2022\Atividade_20_12_2022.csproj", "{034A7CF6-067E-4658-9D23-6E2C0014AF57}"
EndProject
Global
	GlobalSection(SolutionConfigurationPlatforms) = preSolution
		Debug|Any CPU = Debug|Any CPU
		Release|Any CPU = Release|Any CPU
	EndGlobalSection
	GlobalSection(ProjectConfigurationPlatforms) = postSolution
		{034A7CF6-067E-4658-9D23-6E2C0014AF57}.Debug|Any CPU.ActiveCfg = Debug|Any CPU
		{034A7CF6-067E-4658-9D23-6E2C0014AF57}.Debug|Any CPU.Build.0 = Debug|Any CPU
		{034A7CF6-067E-4658-9D23-6E2C0014AF57}.Release|Any CPU.ActiveCfg = Release|Any CPU
		{034A7CF6-067E-4658-9D23-6E2C0014AF57}.Release|Any CPU.Build.0 = Release|Any CPU
	EndGlobalSection
	GlobalSection(SolutionProperties) = preSolution
		HideSolutionNode = FALSE
	EndGlobalSection
	GlobalSection(ExtensibilityGlobals) = postSolution
		SolutionGuid = {4A5571E3-2B9A-420F-995D-2012FA51D57C}
	EndGlobalSection
EndGlobal
